
Microsoft Visual Studio Solution File, Format Version 12.00
# Visual Studio Version 17
VisualStudioVersion = 17.3.32804.467
MinimumVisualStudioVersion = 10.0.40219.1
Project("{FAE04EC0-301F-11D3-BF4B-00C04F79EFBC}") = "StackAndQueue", "StackAndQueue\StackAndQueue.csproj", "{02C63157-BA8F-4DA5-8232-2A94EC4C648E}"
EndProject
Global
	GlobalSection(SolutionConfigurationPlatforms) = preSolution
		Debug|Any CPU = Debug|Any CPU
		Release|Any CPU = Release|Any CPU
	EndGlobalSection
	GlobalSection(ProjectConfigurationPlatforms) = postSolution
		{02C63157-BA8F-4DA5-8232-2A94EC4C648E}.Debug|Any CPU.ActiveCfg = Debug|Any CPU
		{02C63157-BA8F-4DA5-8232-2A94EC4C648E}.Debug|Any CPU.Build.0 = Debug|Any CPU
		{02C63157-BA8F-4DA5-8232-2A94EC4C648E}.Release|Any CPU.ActiveCfg = Release|Any CPU
		{02C63157-BA8F-4DA5-8232-2A94EC4C648E}.Release|Any CPU.Build.0 = Release|Any CPU
	EndGlobalSection
	GlobalSection(SolutionProperties) = preSolution
		HideSolutionNode = FALSE
	EndGlobalSection
	GlobalSection(ExtensibilityGlobals) = postSolution
		SolutionGuid = {12FB06C3-1AC3-4C14-88CF-9882116A380B}
	EndGlobalSection
EndGlobal
